
Microsoft Visual Studio Solution File, Format Version 12.00
# Visual Studio Version 17
VisualStudioVersion = 17.13.35818.85
MinimumVisualStudioVersion = 10.0.40219.1
Project("{FAE04EC0-301F-11D3-BF4B-00C04F79EFBC}") = "PDV", "PDV.csproj", "{C1CCAAD6-B583-4C58-8A19-7DB998A16944}"
EndProject
Global
	GlobalSection(SolutionConfigurationPlatforms) = preSolution
		Debug|Any CPU = Debug|Any CPU
		Release|Any CPU = Release|Any CPU
	EndGlobalSection
	GlobalSection(ProjectConfigurationPlatforms) = postSolution
		{C1CCAAD6-B583-4C58-8A19-7DB998A16944}.Debug|Any CPU.ActiveCfg = Debug|Any CPU
		{C1CCAAD6-B583-4C58-8A19-7DB998A16944}.Debug|Any CPU.Build.0 = Debug|Any CPU
		{C1CCAAD6-B583-4C58-8A19-7DB998A16944}.Release|Any CPU.ActiveCfg = Release|Any CPU
		{C1CCAAD6-B583-4C58-8A19-7DB998A16944}.Release|Any CPU.Build.0 = Release|Any CPU
	EndGlobalSection
	GlobalSection(SolutionProperties) = preSolution
		HideSolutionNode = FALSE
	EndGlobalSection
	GlobalSection(ExtensibilityGlobals) = postSolution
		SolutionGuid = {112DAEB7-DA84-4140-9960-7E0363B95CBD}
	EndGlobalSection
EndGlobal
